{
  "projects": [
    {
      "projectId": "bVAz8WHmYGwiGFKe7AsHFW",
      "version": "latest",
      "dependencies": {},
      "lang": "js",
      "fileLocks": [
        {
          "type": "globalVariant",
          "assetId": "ok6bxYQifS_6",
          "checksum": "a050e0e7f7c2bdcea8606e5584b70b7d"
        },
        {
          "type": "renderModule",
          "assetId": "OYLfFsfX4nS6",
          "checksum": "746cd72d114a4461fcfb22509af0742d"
        },
        {
          "type": "cssRules",
          "assetId": "OYLfFsfX4nS6",
          "checksum": "746cd72d114a4461fcfb22509af0742d"
        },
        {
          "assetId": "bVAz8WHmYGwiGFKe7AsHFW",
          "type": "projectCss",
          "checksum": "88aa2e911668ed4fb2f2bf6ee7ff99a4"
        }
      ]
    }
  ],
  "cliVersion": "0.1.152"
}
